
Microsoft Visual Studio Solution File, Format Version 12.00
# Visual Studio 14
VisualStudioVersion = 14.0.25123.0
MinimumVisualStudioVersion = 10.0.40219.1
Project("{2150E333-8FDC-42A3-9474-1A3956D46DE8}") = "src", "src", "{3FEB3964-4FD3-49BC-9050-651101F46642}"
EndProject
Project("{2150E333-8FDC-42A3-9474-1A3956D46DE8}") = "Solution Items", "Solution Items", "{59C83EC8-13F8-4C50-8D14-31D10B0B1DD7}"
	ProjectSection(SolutionItems) = preProject
		global.json = global.json
	EndProjectSection
EndProject
Project("{8BB2217D-0F2D-49D1-97BC-3654ED321F3B}") = "DockerComposeDemo", "src\DockerComposeDemo\DockerComposeDemo.xproj", "{2643135A-8F61-4E05-A380-7A83A5BFA374}"
EndProject
Global
	GlobalSection(SolutionConfigurationPlatforms) = preSolution
		Debug|Any CPU = Debug|Any CPU
		Release|Any CPU = Release|Any CPU
	EndGlobalSection
	GlobalSection(ProjectConfigurationPlatforms) = postSolution
		{2643135A-8F61-4E05-A380-7A83A5BFA374}.Debug|Any CPU.ActiveCfg = Debug|Any CPU
		{2643135A-8F61-4E05-A380-7A83A5BFA374}.Debug|Any CPU.Build.0 = Debug|Any CPU
		{2643135A-8F61-4E05-A380-7A83A5BFA374}.Release|Any CPU.ActiveCfg = Release|Any CPU
		{2643135A-8F61-4E05-A380-7A83A5BFA374}.Release|Any CPU.Build.0 = Release|Any CPU
	EndGlobalSection
	GlobalSection(SolutionProperties) = preSolution
		HideSolutionNode = FALSE
	EndGlobalSection
	GlobalSection(NestedProjects) = preSolution
		{2643135A-8F61-4E05-A380-7A83A5BFA374} = {3FEB3964-4FD3-49BC-9050-651101F46642}
	EndGlobalSection
EndGlobal
